// !$*UTF8*$!
{
	archiveVersion = 1;
	classes = {
	};
	objectVersion = 77;
	objects = {

/* Begin PBXBuildFile section */
		00C72F15FC214A97BFCBBE89 /* AuthService.swift in Sources */ = {isa = PBXBuildFile; fileRef = 815968D9D89F8A21022B4973 /* AuthService.swift */; };
		017D03CCB55237FF97A491FB /* BingoReward.swift in Sources */ = {isa = PBXBuildFile; fileRef = 5F5ED555CF418547066B2B68 /* BingoReward.swift */; };
		04620A6D75C613ED4E7543B6 /* BingoCellView.swift in Sources */ = {isa = PBXBuildFile; fileRef = 46FBFAF45319882CE27AB706 /* BingoCellView.swift */; };
		0A43A53FCD01DA9B0B40C6AE /* BoardViewModel.swift in Sources */ = {isa = PBXBuildFile; fileRef = C73CF375E0252F18CC03AA49 /* BoardViewModel.swift */; };
		116C53EE175B9C138D98080A /* FirestoreService.swift in Sources */ = {isa = PBXBuildFile; fileRef = 152FC9140586ABDBA50FC102 /* FirestoreService.swift */; };
		2207CDD4A208C3C6658DCC85 /* JoinGroupSheet.swift in Sources */ = {isa = PBXBuildFile; fileRef = D5E0CDDFD41B8F6251260E81 /* JoinGroupSheet.swift */; };
		22735FE6A23F7DE1A14E3C96 /* FirebaseAnalytics in Frameworks */ = {isa = PBXBuildFile; productRef = 6F2CE1540DC853E62BD6F4BC /* FirebaseAnalytics */; };
		26A9DB720223C666E329F373 /* BingoGroup.swift in Sources */ = {isa = PBXBuildFile; fileRef = 9560BE2C6593094F4CF47276 /* BingoGroup.swift */; };
		2E17A616CDFB3CF5F2A68614 /* BRTypography.swift in Sources */ = {isa = PBXBuildFile; fileRef = 4815FF300FBFBD6546F6BFCC /* BRTypography.swift */; };
		3062AABAECF0AC1F5068AB0A /* GroupViewModel.swift in Sources */ = {isa = PBXBuildFile; fileRef = A785C6D0D253B83BA0235192 /* GroupViewModel.swift */; };
		457F78CB232FE88BD172D6AF /* RootView.swift in Sources */ = {isa = PBXBuildFile; fileRef = 195835304BD87F3DC6DA80E4 /* RootView.swift */; };
		49D4FA5FE4E39E5636DAB19A /* CellDetailView.swift in Sources */ = {isa = PBXBuildFile; fileRef = 0482C3C895C6A6213AF0A500 /* CellDetailView.swift */; };
		4A523038678A58BDA19AD948 /* FirebaseAuth in Frameworks */ = {isa = PBXBuildFile; productRef = 57E586D3453F55689A9A71F8 /* FirebaseAuth */; };
		4AE2578EDE583CC3447AD918 /* AuthViewModel.swift in Sources */ = {isa = PBXBuildFile; fileRef = 6C7EA807482A9F2D9C268E5D /* AuthViewModel.swift */; };
		4D367B8302ACC1B17D69C4AD /* Member.swift in Sources */ = {isa = PBXBuildFile; fileRef = D722ED58D4549AB471422674 /* Member.swift */; };
		58B97FE764231816B68B9647 /* BingoCell.swift in Sources */ = {isa = PBXBuildFile; fileRef = 597B7567BAF5224283DB015F /* BingoCell.swift */; };
		6BB5D3267C26167CE02F50BF /* BoardView.swift in Sources */ = {isa = PBXBuildFile; fileRef = D4C86A6C096E6C8FFEC9E13D /* BoardView.swift */; };
		6F6EB6324A1CD8FC5C170B11 /* BingoBoard.swift in Sources */ = {isa = PBXBuildFile; fileRef = DDA87C972024DE3F583DA4DA /* BingoBoard.swift */; };
		7852C7858C649415169742F3 /* OnboardingView.swift in Sources */ = {isa = PBXBuildFile; fileRef = E5FA958139F36B835378A024 /* OnboardingView.swift */; };
		801D681B40B906523920B1CD /* ContentView.swift in Sources */ = {isa = PBXBuildFile; fileRef = 10395079EAF31452DE60104B /* ContentView.swift */; };
		825A48D9EC19FB2474D5EE38 /* BRColors.swift in Sources */ = {isa = PBXBuildFile; fileRef = E9CE258379CC901457E725F8 /* BRColors.swift */; };
		8EF5E49DF500BF8979303A70 /* BRShapes.swift in Sources */ = {isa = PBXBuildFile; fileRef = 0162A5F65B955987766F46B8 /* BRShapes.swift */; };
		C4E6D06B1AC31CED719006AE /* HomeView.swift in Sources */ = {isa = PBXBuildFile; fileRef = 4B8C6944975C50A0FE3B2C9C /* HomeView.swift */; };
		CACBE9F12D76D3D073065F7B /* FirebaseStorage in Frameworks */ = {isa = PBXBuildFile; productRef = C1DF5DEED1143F22629CAEF2 /* FirebaseStorage */; };
		EB6AD704C290ADB2E16B44E5 /* StorageService.swift in Sources */ = {isa = PBXBuildFile; fileRef = C2623EC06897AB2E423C4063 /* StorageService.swift */; };
		F0ABBC996B85006351F66B75 /* BingoRingoApp.swift in Sources */ = {isa = PBXBuildFile; fileRef = 598FBFF0DF4981FDC1DF607D /* BingoRingoApp.swift */; };
		F604333CC86214018081263B /* FirebaseFirestore in Frameworks */ = {isa = PBXBuildFile; productRef = 6EFAF76BF1168375DFF2815D /* FirebaseFirestore */; };
		F95902CF24F6B90B227C76CD /* CreateGroupSheet.swift in Sources */ = {isa = PBXBuildFile; fileRef = 1458E9ACDF5944D62ACBA4B1 /* CreateGroupSheet.swift */; };
/* End PBXBuildFile section */

/* Begin PBXFileReference section */
		0162A5F65B955987766F46B8 /* BRShapes.swift */ = {isa = PBXFileReference; lastKnownFileType = sourcecode.swift; path = BRShapes.swift; sourceTree = "<group>"; };
		0482C3C895C6A6213AF0A500 /* CellDetailView.swift */ = {isa = PBXFileReference; lastKnownFileType = sourcecode.swift; path = CellDetailView.swift; sourceTree = "<group>"; };
		10395079EAF31452DE60104B /* ContentView.swift */ = {isa = PBXFileReference; lastKnownFileType = sourcecode.swift; path = ContentView.swift; sourceTree = "<group>"; };
		1458E9ACDF5944D62ACBA4B1 /* CreateGroupSheet.swift */ = {isa = PBXFileReference; lastKnownFileType = sourcecode.swift; path = CreateGroupSheet.swift; sourceTree = "<group>"; };
		152FC9140586ABDBA50FC102 /* FirestoreService.swift */ = {isa = PBXFileReference; lastKnownFileType = sourcecode.swift; path = FirestoreService.swift; sourceTree = "<group>"; };
		195835304BD87F3DC6DA80E4 /* RootView.swift */ = {isa = PBXFileReference; lastKnownFileType = sourcecode.swift; path = RootView.swift; sourceTree = "<group>"; };
		46FBFAF45319882CE27AB706 /* BingoCellView.swift */ = {isa = PBXFileReference; lastKnownFileType = sourcecode.swift; path = BingoCellView.swift; sourceTree = "<group>"; };
		4815FF300FBFBD6546F6BFCC /* BRTypography.swift */ = {isa = PBXFileReference; lastKnownFileType = sourcecode.swift; path = BRTypography.swift; sourceTree = "<group>"; };
		4B8C6944975C50A0FE3B2C9C /* HomeView.swift */ = {isa = PBXFileReference; lastKnownFileType = sourcecode.swift; path = HomeView.swift; sourceTree = "<group>"; };
		597B7567BAF5224283DB015F /* BingoCell.swift */ = {isa = PBXFileReference; lastKnownFileType = sourcecode.swift; path = BingoCell.swift; sourceTree = "<group>"; };
		598FBFF0DF4981FDC1DF607D /* BingoRingoApp.swift */ = {isa = PBXFileReference; lastKnownFileType = sourcecode.swift; path = BingoRingoApp.swift; sourceTree = "<group>"; };
		5F5ED555CF418547066B2B68 /* BingoReward.swift */ = {isa = PBXFileReference; lastKnownFileType = sourcecode.swift; path = BingoReward.swift; sourceTree = "<group>"; };
		6C7EA807482A9F2D9C268E5D /* AuthViewModel.swift */ = {isa = PBXFileReference; lastKnownFileType = sourcecode.swift; path = AuthViewModel.swift; sourceTree = "<group>"; };
		815968D9D89F8A21022B4973 /* AuthService.swift */ = {isa = PBXFileReference; lastKnownFileType = sourcecode.swift; path = AuthService.swift; sourceTree = "<group>"; };
		8FEA6D32DE0D3C066DE3F796 /* BingoRingo.app */ = {isa = PBXFileReference; explicitFileType = wrapper.application; includeInIndex = 0; path = BingoRingo.app; sourceTree = BUILT_PRODUCTS_DIR; };
		9560BE2C6593094F4CF47276 /* BingoGroup.swift */ = {isa = PBXFileReference; lastKnownFileType = sourcecode.swift; path = BingoGroup.swift; sourceTree = "<group>"; };
		A785C6D0D253B83BA0235192 /* GroupViewModel.swift */ = {isa = PBXFileReference; lastKnownFileType = sourcecode.swift; path = GroupViewModel.swift; sourceTree = "<group>"; };
		C2623EC06897AB2E423C4063 /* StorageService.swift */ = {isa = PBXFileReference; lastKnownFileType = sourcecode.swift; path = StorageService.swift; sourceTree = "<group>"; };
		C73CF375E0252F18CC03AA49 /* BoardViewModel.swift */ = {isa = PBXFileReference; lastKnownFileType = sourcecode.swift; path = BoardViewModel.swift; sourceTree = "<group>"; };
		D4C86A6C096E6C8FFEC9E13D /* BoardView.swift */ = {isa = PBXFileReference; lastKnownFileType = sourcecode.swift; path = BoardView.swift; sourceTree = "<group>"; };
		D5E0CDDFD41B8F6251260E81 /* JoinGroupSheet.swift */ = {isa = PBXFileReference; lastKnownFileType = sourcecode.swift; path = JoinGroupSheet.swift; sourceTree = "<group>"; };
		D722ED58D4549AB471422674 /* Member.swift */ = {isa = PBXFileReference; lastKnownFileType = sourcecode.swift; path = Member.swift; sourceTree = "<group>"; };
		DDA87C972024DE3F583DA4DA /* BingoBoard.swift */ = {isa = PBXFileReference; lastKnownFileType = sourcecode.swift; path = BingoBoard.swift; sourceTree = "<group>"; };
		E5FA958139F36B835378A024 /* OnboardingView.swift */ = {isa = PBXFileReference; lastKnownFileType = sourcecode.swift; path = OnboardingView.swift; sourceTree = "<group>"; };
		E9CE258379CC901457E725F8 /* BRColors.swift */ = {isa = PBXFileReference; lastKnownFileType = sourcecode.swift; path = BRColors.swift; sourceTree = "<group>"; };
/* End PBXFileReference section */

/* Begin PBXFrameworksBuildPhase section */
		97E69697911C59A3C71EA634 /* Frameworks */ = {
			isa = PBXFrameworksBuildPhase;
			buildActionMask = 2147483647;
			files = (
				4A523038678A58BDA19AD948 /* FirebaseAuth in Frameworks */,
				F604333CC86214018081263B /* FirebaseFirestore in Frameworks */,
				CACBE9F12D76D3D073065F7B /* FirebaseStorage in Frameworks */,
				22735FE6A23F7DE1A14E3C96 /* FirebaseAnalytics in Frameworks */,
			);
			runOnlyForDeploymentPostprocessing = 0;
		};
/* End PBXFrameworksBuildPhase section */

/* Begin PBXGroup section */
		0A41335C4AF536BE62D88492 /* Sources */ = {
			isa = PBXGroup;
			children = (
				CB3C719EEFF9C0238D8D807B /* App */,
				CDACC182C55030A3BDC0B4CE /* DesignSystem */,
				7900DDABAC84FB3DBA5215E7 /* Models */,
				7D267FD7A4EDD315C3BCCD9F /* Services */,
				1008CF070A00D025BB2114A7 /* ViewModels */,
				B577B7AD4BFA7EFBF73C02EB /* Views */,
			);
			path = Sources;
			sourceTree = "<group>";
		};
		1008CF070A00D025BB2114A7 /* ViewModels */ = {
			isa = PBXGroup;
			children = (
				6C7EA807482A9F2D9C268E5D /* AuthViewModel.swift */,
				C73CF375E0252F18CC03AA49 /* BoardViewModel.swift */,
				A785C6D0D253B83BA0235192 /* GroupViewModel.swift */,
			);
			path = ViewModels;
			sourceTree = "<group>";
		};
		1315B4C6021CDD08DE1BA80A = {
			isa = PBXGroup;
			children = (
				0A41335C4AF536BE62D88492 /* Sources */,
				E3ECBD469F6F4C72BC646159 /* Products */,
			);
			sourceTree = "<group>";
		};
		3475A466144A2D73F202B3C9 /* Home */ = {
			isa = PBXGroup;
			children = (
				1458E9ACDF5944D62ACBA4B1 /* CreateGroupSheet.swift */,
				4B8C6944975C50A0FE3B2C9C /* HomeView.swift */,
				D5E0CDDFD41B8F6251260E81 /* JoinGroupSheet.swift */,
			);
			path = Home;
			sourceTree = "<group>";
		};
		3C7492142B3690CE385E678D /* Onboarding */ = {
			isa = PBXGroup;
			children = (
				E5FA958139F36B835378A024 /* OnboardingView.swift */,
			);
			path = Onboarding;
			sourceTree = "<group>";
		};
		5FBE4286734FC9EF71F286A8 /* Board */ = {
			isa = PBXGroup;
			children = (
				46FBFAF45319882CE27AB706 /* BingoCellView.swift */,
				D4C86A6C096E6C8FFEC9E13D /* BoardView.swift */,
			);
			path = Board;
			sourceTree = "<group>";
		};
		7900DDABAC84FB3DBA5215E7 /* Models */ = {
			isa = PBXGroup;
			children = (
				DDA87C972024DE3F583DA4DA /* BingoBoard.swift */,
				597B7567BAF5224283DB015F /* BingoCell.swift */,
				9560BE2C6593094F4CF47276 /* BingoGroup.swift */,
				5F5ED555CF418547066B2B68 /* BingoReward.swift */,
				D722ED58D4549AB471422674 /* Member.swift */,
			);
			path = Models;
			sourceTree = "<group>";
		};
		7D267FD7A4EDD315C3BCCD9F /* Services */ = {
			isa = PBXGroup;
			children = (
				815968D9D89F8A21022B4973 /* AuthService.swift */,
				152FC9140586ABDBA50FC102 /* FirestoreService.swift */,
				C2623EC06897AB2E423C4063 /* StorageService.swift */,
			);
			path = Services;
			sourceTree = "<group>";
		};
		8BA92E03A920A809BE1EF4D6 /* Cell */ = {
			isa = PBXGroup;
			children = (
				0482C3C895C6A6213AF0A500 /* CellDetailView.swift */,
			);
			path = Cell;
			sourceTree = "<group>";
		};
		B577B7AD4BFA7EFBF73C02EB /* Views */ = {
			isa = PBXGroup;
			children = (
				5FBE4286734FC9EF71F286A8 /* Board */,
				8BA92E03A920A809BE1EF4D6 /* Cell */,
				3475A466144A2D73F202B3C9 /* Home */,
				3C7492142B3690CE385E678D /* Onboarding */,
			);
			path = Views;
			sourceTree = "<group>";
		};
		CB3C719EEFF9C0238D8D807B /* App */ = {
			isa = PBXGroup;
			children = (
				598FBFF0DF4981FDC1DF607D /* BingoRingoApp.swift */,
				10395079EAF31452DE60104B /* ContentView.swift */,
				195835304BD87F3DC6DA80E4 /* RootView.swift */,
			);
			path = App;
			sourceTree = "<group>";
		};
		CDACC182C55030A3BDC0B4CE /* DesignSystem */ = {
			isa = PBXGroup;
			children = (
				E9CE258379CC901457E725F8 /* BRColors.swift */,
				0162A5F65B955987766F46B8 /* BRShapes.swift */,
				4815FF300FBFBD6546F6BFCC /* BRTypography.swift */,
			);
			path = DesignSystem;
			sourceTree = "<group>";
		};
		E3ECBD469F6F4C72BC646159 /* Products */ = {
			isa = PBXGroup;
			children = (
				8FEA6D32DE0D3C066DE3F796 /* BingoRingo.app */,
			);
			name = Products;
			sourceTree = "<group>";
		};
/* End PBXGroup section */

/* Begin PBXNativeTarget section */
		9C1251623771CF7C1DCC046C /* BingoRingo */ = {
			isa = PBXNativeTarget;
			buildConfigurationList = B0E567171A72BDA6633E3E51 /* Build configuration list for PBXNativeTarget "BingoRingo" */;
			buildPhases = (
				9096BE29B12534AEEC23BA92 /* Sources */,
				97E69697911C59A3C71EA634 /* Frameworks */,
			);
			buildRules = (
			);
			dependencies = (
			);
			name = BingoRingo;
			packageProductDependencies = (
				57E586D3453F55689A9A71F8 /* FirebaseAuth */,
				6EFAF76BF1168375DFF2815D /* FirebaseFirestore */,
				C1DF5DEED1143F22629CAEF2 /* FirebaseStorage */,
				6F2CE1540DC853E62BD6F4BC /* FirebaseAnalytics */,
			);
			productName = BingoRingo;
			productReference = 8FEA6D32DE0D3C066DE3F796 /* BingoRingo.app */;
			productType = "com.apple.product-type.application";
		};
/* End PBXNativeTarget section */

/* Begin PBXProject section */
		10017F8EA7E3D1C2510F611E /* Project object */ = {
			isa = PBXProject;
			attributes = {
				BuildIndependentTargetsInParallel = YES;
				LastUpgradeCheck = 1600;
				TargetAttributes = {
					9C1251623771CF7C1DCC046C = {
						ProvisioningStyle = Automatic;
					};
				};
			};
			buildConfigurationList = 5C0F9A899568F79DCE8D7791 /* Build configuration list for PBXProject "BingoRingo" */;
			developmentRegion = en;
			hasScannedForEncodings = 0;
			knownRegions = (
				Base,
				en,
			);
			mainGroup = 1315B4C6021CDD08DE1BA80A;
			minimizedProjectReferenceProxies = 1;
			packageReferences = (
				730EBFB792EAE5FEE50D7F38 /* XCRemoteSwiftPackageReference "firebase-ios-sdk" */,
			);
			preferredProjectObjectVersion = 77;
			productRefGroup = E3ECBD469F6F4C72BC646159 /* Products */;
			projectDirPath = "";
			projectRoot = "";
			targets = (
				9C1251623771CF7C1DCC046C /* BingoRingo */,
			);
		};
/* End PBXProject section */

/* Begin PBXSourcesBuildPhase section */
		9096BE29B12534AEEC23BA92 /* Sources */ = {
			isa = PBXSourcesBuildPhase;
			buildActionMask = 2147483647;
			files = (
				00C72F15FC214A97BFCBBE89 /* AuthService.swift in Sources */,
				4AE2578EDE583CC3447AD918 /* AuthViewModel.swift in Sources */,
				825A48D9EC19FB2474D5EE38 /* BRColors.swift in Sources */,
				8EF5E49DF500BF8979303A70 /* BRShapes.swift in Sources */,
				2E17A616CDFB3CF5F2A68614 /* BRTypography.swift in Sources */,
				6F6EB6324A1CD8FC5C170B11 /* BingoBoard.swift in Sources */,
				58B97FE764231816B68B9647 /* BingoCell.swift in Sources */,
				04620A6D75C613ED4E7543B6 /* BingoCellView.swift in Sources */,
				26A9DB720223C666E329F373 /* BingoGroup.swift in Sources */,
				017D03CCB55237FF97A491FB /* BingoReward.swift in Sources */,
				F0ABBC996B85006351F66B75 /* BingoRingoApp.swift in Sources */,
				6BB5D3267C26167CE02F50BF /* BoardView.swift in Sources */,
				0A43A53FCD01DA9B0B40C6AE /* BoardViewModel.swift in Sources */,
				49D4FA5FE4E39E5636DAB19A /* CellDetailView.swift in Sources */,
				801D681B40B906523920B1CD /* ContentView.swift in Sources */,
				F95902CF24F6B90B227C76CD /* CreateGroupSheet.swift in Sources */,
				116C53EE175B9C138D98080A /* FirestoreService.swift in Sources */,
				3062AABAECF0AC1F5068AB0A /* GroupViewModel.swift in Sources */,
				C4E6D06B1AC31CED719006AE /* HomeView.swift in Sources */,
				2207CDD4A208C3C6658DCC85 /* JoinGroupSheet.swift in Sources */,
				4D367B8302ACC1B17D69C4AD /* Member.swift in Sources */,
				7852C7858C649415169742F3 /* OnboardingView.swift in Sources */,
				457F78CB232FE88BD172D6AF /* RootView.swift in Sources */,
				EB6AD704C290ADB2E16B44E5 /* StorageService.swift in Sources */,
			);
			runOnlyForDeploymentPostprocessing = 0;
		};
/* End PBXSourcesBuildPhase section */

/* Begin XCBuildConfiguration section */
		01BB851FC080C39557220A11 /* Debug */ = {
			isa = XCBuildConfiguration;
			buildSettings = {
				ASSETCATALOG_COMPILER_APPICON_NAME = AppIcon;
				CODE_SIGN_IDENTITY = "iPhone Developer";
				CODE_SIGN_STYLE = Automatic;
				DEVELOPMENT_TEAM = SB2Z6HL579;
				INFOPLIST_FILE = Resources/Info.plist;
				LD_RUNPATH_SEARCH_PATHS = (
					"$(inherited)",
					"@executable_path/Frameworks",
				);
				PRODUCT_BUNDLE_IDENTIFIER = com.bingoringo.app;
				SDKROOT = iphoneos;
				TARGETED_DEVICE_FAMILY = "1,2";
			};
			name = Debug;
		};
		0514AD9F7B0CF6FEBFDB5A48 /* Release */ = {
			isa = XCBuildConfiguration;
			buildSettings = {
				ALWAYS_SEARCH_USER_PATHS = NO;
				CLANG_ANALYZER_NONNULL = YES;
				CLANG_ANALYZER_NUMBER_OBJECT_CONVERSION = YES_AGGRESSIVE;
				CLANG_CXX_LANGUAGE_STANDARD = "gnu++14";
				CLANG_CXX_LIBRARY = "libc++";
				CLANG_ENABLE_MODULES = YES;
				CLANG_ENABLE_OBJC_ARC = YES;
				CLANG_ENABLE_OBJC_WEAK = YES;
				CLANG_WARN_BLOCK_CAPTURE_AUTORELEASING = YES;
				CLANG_WARN_BOOL_CONVERSION = YES;
				CLANG_WARN_COMMA = YES;
				CLANG_WARN_CONSTANT_CONVERSION = YES;
				CLANG_WARN_DEPRECATED_OBJC_IMPLEMENTATIONS = YES;
				CLANG_WARN_DIRECT_OBJC_ISA_USAGE = YES_ERROR;
				CLANG_WARN_DOCUMENTATION_COMMENTS = YES;
				CLANG_WARN_EMPTY_BODY = YES;
				CLANG_WARN_ENUM_CONVERSION = YES;
				CLANG_WARN_INFINITE_RECURSION = YES;
				CLANG_WARN_INT_CONVERSION = YES;
				CLANG_WARN_NON_LITERAL_NULL_CONVERSION = YES;
				CLANG_WARN_OBJC_IMPLICIT_RETAIN_SELF = YES;
				CLANG_WARN_OBJC_LITERAL_CONVERSION = YES;
				CLANG_WARN_OBJC_ROOT_CLASS = YES_ERROR;
				CLANG_WARN_QUOTED_INCLUDE_IN_FRAMEWORK_HEADER = YES;
				CLANG_WARN_RANGE_LOOP_ANALYSIS = YES;
				CLANG_WARN_STRICT_PROTOTYPES = YES;
				CLANG_WARN_SUSPICIOUS_MOVE = YES;
				CLANG_WARN_UNGUARDED_AVAILABILITY = YES_AGGRESSIVE;
				CLANG_WARN_UNREACHABLE_CODE = YES;
				CLANG_WARN__DUPLICATE_METHOD_MATCH = YES;
				COPY_PHASE_STRIP = NO;
				DEBUG_INFORMATION_FORMAT = "dwarf-with-dsym";
				DEVELOPMENT_TEAM = "";
				ENABLE_NS_ASSERTIONS = NO;
				ENABLE_STRICT_OBJC_MSGSEND = YES;
				GCC_C_LANGUAGE_STANDARD = gnu11;
				GCC_NO_COMMON_BLOCKS = YES;
				GCC_WARN_64_TO_32_BIT_CONVERSION = YES;
				GCC_WARN_ABOUT_RETURN_TYPE = YES_ERROR;
				GCC_WARN_UNDECLARED_SELECTOR = YES;
				GCC_WARN_UNINITIALIZED_AUTOS = YES_AGGRESSIVE;
				GCC_WARN_UNUSED_FUNCTION = YES;
				GCC_WARN_UNUSED_VARIABLE = YES;
				IPHONEOS_DEPLOYMENT_TARGET = 17.0;
				MTL_ENABLE_DEBUG_INFO = NO;
				MTL_FAST_MATH = YES;
				PRODUCT_NAME = BingoRingo;
				SDKROOT = iphoneos;
				SWIFT_COMPILATION_MODE = wholemodule;
				SWIFT_OPTIMIZATION_LEVEL = "-O";
				SWIFT_VERSION = 5.9;
				TARGETED_DEVICE_FAMILY = 1;
			};
			name = Release;
		};
		152700727555E25A6ED13440 /* Debug */ = {
			isa = XCBuildConfiguration;
			buildSettings = {
				ALWAYS_SEARCH_USER_PATHS = NO;
				CLANG_ANALYZER_NONNULL = YES;
				CLANG_ANALYZER_NUMBER_OBJECT_CONVERSION = YES_AGGRESSIVE;
				CLANG_CXX_LANGUAGE_STANDARD = "gnu++14";
				CLANG_CXX_LIBRARY = "libc++";
				CLANG_ENABLE_MODULES = YES;
				CLANG_ENABLE_OBJC_ARC = YES;
				CLANG_ENABLE_OBJC_WEAK = YES;
				CLANG_WARN_BLOCK_CAPTURE_AUTORELEASING = YES;
				CLANG_WARN_BOOL_CONVERSION = YES;
				CLANG_WARN_COMMA = YES;
				CLANG_WARN_CONSTANT_CONVERSION = YES;
				CLANG_WARN_DEPRECATED_OBJC_IMPLEMENTATIONS = YES;
				CLANG_WARN_DIRECT_OBJC_ISA_USAGE = YES_ERROR;
				CLANG_WARN_DOCUMENTATION_COMMENTS = YES;
				CLANG_WARN_EMPTY_BODY = YES;
				CLANG_WARN_ENUM_CONVERSION = YES;
				CLANG_WARN_INFINITE_RECURSION = YES;
				CLANG_WARN_INT_CONVERSION = YES;
				CLANG_WARN_NON_LITERAL_NULL_CONVERSION = YES;
				CLANG_WARN_OBJC_IMPLICIT_RETAIN_SELF = YES;
				CLANG_WARN_OBJC_LITERAL_CONVERSION = YES;
				CLANG_WARN_OBJC_ROOT_CLASS = YES_ERROR;
				CLANG_WARN_QUOTED_INCLUDE_IN_FRAMEWORK_HEADER = YES;
				CLANG_WARN_RANGE_LOOP_ANALYSIS = YES;
				CLANG_WARN_STRICT_PROTOTYPES = YES;
				CLANG_WARN_SUSPICIOUS_MOVE = YES;
				CLANG_WARN_UNGUARDED_AVAILABILITY = YES_AGGRESSIVE;
				CLANG_WARN_UNREACHABLE_CODE = YES;
				CLANG_WARN__DUPLICATE_METHOD_MATCH = YES;
				COPY_PHASE_STRIP = NO;
				DEBUG_INFORMATION_FORMAT = dwarf;
				DEVELOPMENT_TEAM = "";
				ENABLE_STRICT_OBJC_MSGSEND = YES;
				ENABLE_TESTABILITY = YES;
				GCC_C_LANGUAGE_STANDARD = gnu11;
				GCC_DYNAMIC_NO_PIC = NO;
				GCC_NO_COMMON_BLOCKS = YES;
				GCC_OPTIMIZATION_LEVEL = 0;
				GCC_PREPROCESSOR_DEFINITIONS = (
					"$(inherited)",
					"DEBUG=1",
				);
				GCC_WARN_64_TO_32_BIT_CONVERSION = YES;
				GCC_WARN_ABOUT_RETURN_TYPE = YES_ERROR;
				GCC_WARN_UNDECLARED_SELECTOR = YES;
				GCC_WARN_UNINITIALIZED_AUTOS = YES_AGGRESSIVE;
				GCC_WARN_UNUSED_FUNCTION = YES;
				GCC_WARN_UNUSED_VARIABLE = YES;
				IPHONEOS_DEPLOYMENT_TARGET = 17.0;
				MTL_ENABLE_DEBUG_INFO = INCLUDE_SOURCE;
				MTL_FAST_MATH = YES;
				ONLY_ACTIVE_ARCH = YES;
				PRODUCT_NAME = BingoRingo;
				SDKROOT = iphoneos;
				SWIFT_ACTIVE_COMPILATION_CONDITIONS = DEBUG;
				SWIFT_OPTIMIZATION_LEVEL = "-Onone";
				SWIFT_VERSION = 5.9;
				TARGETED_DEVICE_FAMILY = 1;
			};
			name = Debug;
		};
		4AA101DA4252E2B02E4F4E7E /* Release */ = {
			isa = XCBuildConfiguration;
			buildSettings = {
				ASSETCATALOG_COMPILER_APPICON_NAME = AppIcon;
				CODE_SIGN_IDENTITY = "iPhone Developer";
				CODE_SIGN_STYLE = Automatic;
				DEVELOPMENT_TEAM = SB2Z6HL579;
				INFOPLIST_FILE = Resources/Info.plist;
				LD_RUNPATH_SEARCH_PATHS = (
					"$(inherited)",
					"@executable_path/Frameworks",
				);
				PRODUCT_BUNDLE_IDENTIFIER = com.bingoringo.app;
				SDKROOT = iphoneos;
				TARGETED_DEVICE_FAMILY = "1,2";
			};
			name = Release;
		};
/* End XCBuildConfiguration section */

/* Begin XCConfigurationList section */
		5C0F9A899568F79DCE8D7791 /* Build configuration list for PBXProject "BingoRingo" */ = {
			isa = XCConfigurationList;
			buildConfigurations = (
				152700727555E25A6ED13440 /* Debug */,
				0514AD9F7B0CF6FEBFDB5A48 /* Release */,
			);
			defaultConfigurationIsVisible = 0;
			defaultConfigurationName = Debug;
		};
		B0E567171A72BDA6633E3E51 /* Build configuration list for PBXNativeTarget "BingoRingo" */ = {
			isa = XCConfigurationList;
			buildConfigurations = (
				01BB851FC080C39557220A11 /* Debug */,
				4AA101DA4252E2B02E4F4E7E /* Release */,
			);
			defaultConfigurationIsVisible = 0;
			defaultConfigurationName = Debug;
		};
/* End XCConfigurationList section */

/* Begin XCRemoteSwiftPackageReference section */
		730EBFB792EAE5FEE50D7F38 /* XCRemoteSwiftPackageReference "firebase-ios-sdk" */ = {
			isa = XCRemoteSwiftPackageReference;
			repositoryURL = "https://github.com/firebase/firebase-ios-sdk";
			requirement = {
				kind = upToNextMajorVersion;
				minimumVersion = 11.0.0;
			};
		};
/* End XCRemoteSwiftPackageReference section */

/* Begin XCSwiftPackageProductDependency section */
		57E586D3453F55689A9A71F8 /* FirebaseAuth */ = {
			isa = XCSwiftPackageProductDependency;
			package = 730EBFB792EAE5FEE50D7F38 /* XCRemoteSwiftPackageReference "firebase-ios-sdk" */;
			productName = FirebaseAuth;
		};
		6EFAF76BF1168375DFF2815D /* FirebaseFirestore */ = {
			isa = XCSwiftPackageProductDependency;
			package = 730EBFB792EAE5FEE50D7F38 /* XCRemoteSwiftPackageReference "firebase-ios-sdk" */;
			productName = FirebaseFirestore;
		};
		6F2CE1540DC853E62BD6F4BC /* FirebaseAnalytics */ = {
			isa = XCSwiftPackageProductDependency;
			package = 730EBFB792EAE5FEE50D7F38 /* XCRemoteSwiftPackageReference "firebase-ios-sdk" */;
			productName = FirebaseAnalytics;
		};
		C1DF5DEED1143F22629CAEF2 /* FirebaseStorage */ = {
			isa = XCSwiftPackageProductDependency;
			package = 730EBFB792EAE5FEE50D7F38 /* XCRemoteSwiftPackageReference "firebase-ios-sdk" */;
			productName = FirebaseStorage;
		};
/* End XCSwiftPackageProductDependency section */
	};
	rootObject = 10017F8EA7E3D1C2510F611E /* Project object */;
}
